
Microsoft Visual Studio Solution File, Format Version 12.00
# Visual Studio Version 17
VisualStudioVersion = 17.3.32811.315
MinimumVisualStudioVersion = 10.0.40219.1
Project("{FAE04EC0-301F-11D3-BF4B-00C04F79EFBC}") = "CoreWCFDemoServer31", "CoreWCFDemoServer31.csproj", "{A317D1DF-13E1-4202-833F-8865C83F6A8D}"
EndProject
Global
	GlobalSection(SolutionConfigurationPlatforms) = preSolution
		Debug|Any CPU = Debug|Any CPU
		Release|Any CPU = Release|Any CPU
	EndGlobalSection
	GlobalSection(ProjectConfigurationPlatforms) = postSolution
		{A317D1DF-13E1-4202-833F-8865C83F6A8D}.Debug|Any CPU.ActiveCfg = Debug|Any CPU
		{A317D1DF-13E1-4202-833F-8865C83F6A8D}.Debug|Any CPU.Build.0 = Debug|Any CPU
		{A317D1DF-13E1-4202-833F-8865C83F6A8D}.Release|Any CPU.ActiveCfg = Release|Any CPU
		{A317D1DF-13E1-4202-833F-8865C83F6A8D}.Release|Any CPU.Build.0 = Release|Any CPU
	EndGlobalSection
	GlobalSection(SolutionProperties) = preSolution
		HideSolutionNode = FALSE
	EndGlobalSection
	GlobalSection(ExtensibilityGlobals) = postSolution
		SolutionGuid = {C9AAAE6D-8792-4008-9CA6-72BD5D2B07A0}
	EndGlobalSection
EndGlobal
